{
  "name": "svrx-toolkit",
  "version": "0.0.1",
  "lockfileVersion": 1,
  "requires": true,
  "dependencies": {
    "async": {
      "version": "3.0.1",
      "resolved": "https://registry.npm.taobao.org/async/download/async-3.0.1.tgz"
    },
    "chalk": {
      "version": "1.1.3",
      "resolved": "https://registry.npm.taobao.org/chalk/download/chalk-1.1.3.tgz",
      "dependencies": {
        "ansi-styles": {
          "version": "https://registry.npm.taobao.org/ansi-styles/download/ansi-styles-2.2.1.tgz"
        },
        "escape-string-regexp": {
          "version": "https://registry.npm.taobao.org/escape-string-regexp/download/escape-string-regexp-1.0.5.tgz"
        },
        "has-ansi": {
          "version": "https://registry.npm.taobao.org/has-ansi/download/has-ansi-2.0.0.tgz"
        },
        "strip-ansi": {
          "version": "https://registry.npm.taobao.org/strip-ansi/download/strip-ansi-3.0.1.tgz"
        },
        "supports-color": {
          "version": "https://registry.npm.taobao.org/supports-color/download/supports-color-2.0.0.tgz"
        }
      }
    },
    "commander": {
      "version": "2.20.0",
      "resolved": "https://registry.npm.taobao.org/commander/download/commander-2.20.0.tgz"
    },
    "consolidate": {
      "version": "0.15.1",
      "resolved": "https://registry.npm.taobao.org/consolidate/download/consolidate-0.15.1.tgz",
      "dependencies": {
        "bluebird": {
          "version": "https://registry.npm.taobao.org/bluebird/download/bluebird-3.5.5.tgz?cache=0&other_urls=https%3A%2F%2Fregistry.npm.taobao.org%2Fbluebird%2Fdownload%2Fbluebird-3.5.5.tgz",
          "bundled": true
        }
      }
    },
    "download-git-repo": {
      "version": "2.0.0",
      "resolved": "https://registry.npm.taobao.org/download-git-repo/download/download-git-repo-2.0.0.tgz",
      "requires": {
        "rimraf": "^2.6.3"
      },
      "dependencies": {
        "download": {
          "version": "https://registry.npm.taobao.org/download/download/download-7.1.0.tgz",
          "bundled": true,
          "dependencies": {
            "archive-type": {
              "version": "https://registry.npm.taobao.org/archive-type/download/archive-type-4.0.0.tgz",
              "bundled": true
            },
            "caw": {
              "version": "https://registry.npm.taobao.org/caw/download/caw-2.0.1.tgz",
              "bundled": true,
              "dependencies": {
                "get-proxy": {
                  "version": "https://registry.npm.taobao.org/get-proxy/download/get-proxy-2.1.0.tgz",
                  "bundled": true
                },
                "isurl": {
                  "version": "https://registry.npm.taobao.org/isurl/download/isurl-1.0.0.tgz",
                  "bundled": true,
                  "dependencies": {
                    "has-to-string-tag-x": {
                      "version": "https://registry.npm.taobao.org/has-to-string-tag-x/download/has-to-string-tag-x-1.4.1.tgz",
                      "bundled": true
                    },
                    "is-object": {
                      "version": "https://registry.npm.taobao.org/is-object/download/is-object-1.0.1.tgz",
                      "bundled": true
                    }
                  }
                },
                "tunnel-agent": {
                  "version": "https://registry.npm.taobao.org/tunnel-agent/download/tunnel-agent-0.6.0.tgz",
                  "bundled": true
                },
                "url-to-options": {
                  "version": "https://registry.npm.taobao.org/url-to-options/download/url-to-options-1.0.1.tgz",
                  "bundled": true
                }
              }
            },
            "content-disposition": {
              "version": "https://registry.npm.taobao.org/content-disposition/download/content-disposition-0.5.3.tgz",
              "bundled": true
            },
            "decompress": {
              "version": "https://registry.npm.taobao.org/decompress/download/decompress-4.2.0.tgz",
              "bundled": true
            },
            "ext-name": {
              "version": "https://registry.npm.taobao.org/ext-name/download/ext-name-5.0.0.tgz",
              "bundled": true
            },
            "file-type": {
              "version": "https://registry.npm.taobao.org/file-type/download/file-type-8.1.0.tgz",
              "bundled": true
            },
            "filenamify": {
              "version": "https://registry.npm.taobao.org/filenamify/download/filenamify-2.1.0.tgz?cache=0&other_urls=https%3A%2F%2Fregistry.npm.taobao.org%2Ffilenamify%2Fdownload%2Ffilenamify-2.1.0.tgz",
              "bundled": true
            },
            "get-stream": {
              "version": "https://registry.npm.taobao.org/get-stream/download/get-stream-3.0.0.tgz",
              "bundled": true
            },
            "got": {
              "version": "https://registry.npm.taobao.org/got/download/got-8.3.2.tgz?cache=0&other_urls=https%3A%2F%2Fregistry.npm.taobao.org%2Fgot%2Fdownload%2Fgot-8.3.2.tgz",
              "bundled": true
            },
            "make-dir": {
              "version": "https://registry.npm.taobao.org/make-dir/download/make-dir-1.3.0.tgz",
              "bundled": true,
              "dependencies": {
                "pify": {
                  "version": "https://registry.npm.taobao.org/pify/download/pify-3.0.0.tgz?cache=0&other_urls=https%3A%2F%2Fregistry.npm.taobao.org%2Fpify%2Fdownload%2Fpify-3.0.0.tgz",
                  "bundled": true
                }
              }
            },
            "p-event": {
              "version": "https://registry.npm.taobao.org/p-event/download/p-event-2.3.1.tgz",
              "bundled": true
            },
            "pify": {
              "version": "https://registry.npm.taobao.org/pify/download/pify-3.0.0.tgz?cache=0&other_urls=https%3A%2F%2Fregistry.npm.taobao.org%2Fpify%2Fdownload%2Fpify-3.0.0.tgz",
              "bundled": true
            }
          }
        },
        "git-clone": {
          "version": "https://registry.npm.taobao.org/git-clone/download/git-clone-0.1.0.tgz",
          "bundled": true
        },
        "rimraf": {
          "version": "https://registry.npm.taobao.org/rimraf/download/rimraf-2.6.3.tgz",
          "bundled": true,
          "dependencies": {
            "glob": {
              "version": "https://registry.npm.taobao.org/glob/download/glob-7.1.4.tgz",
              "bundled": true
            }
          }
        }
      }
    },
    "inquirer": {
      "version": "6.3.1",
      "resolved": "https://registry.npm.taobao.org/inquirer/download/inquirer-6.3.1.tgz",
      "dependencies": {
        "ansi-escapes": {
          "version": "https://registry.npm.taobao.org/ansi-escapes/download/ansi-escapes-3.2.0.tgz",
          "bundled": true
        },
        "chalk": {
          "version": "https://registry.npm.taobao.org/chalk/download/chalk-2.4.2.tgz",
          "bundled": true,
          "dependencies": {
            "ansi-styles": {
              "version": "https://registry.npm.taobao.org/ansi-styles/download/ansi-styles-3.2.1.tgz",
              "bundled": true,
              "dependencies": {
                "color-convert": {
                  "version": "https://registry.npm.taobao.org/color-convert/download/color-convert-1.9.3.tgz",
                  "bundled": true
                }
              }
            },
            "escape-string-regexp": {
              "version": "https://registry.npm.taobao.org/escape-string-regexp/download/escape-string-regexp-1.0.5.tgz",
              "bundled": true
            },
            "supports-color": {
              "version": "https://registry.npm.taobao.org/supports-color/download/supports-color-5.5.0.tgz",
              "bundled": true
            }
          }
        },
        "cli-cursor": {
          "version": "https://registry.npm.taobao.org/cli-cursor/download/cli-cursor-2.1.0.tgz",
          "bundled": true
        },
        "cli-width": {
          "version": "https://registry.npm.taobao.org/cli-width/download/cli-width-2.2.0.tgz",
          "bundled": true
        },
        "external-editor": {
          "version": "https://registry.npm.taobao.org/external-editor/download/external-editor-3.0.3.tgz",
          "bundled": true
        },
        "figures": {
          "version": "https://registry.npm.taobao.org/figures/download/figures-2.0.0.tgz",
          "bundled": true
        },
        "lodash": {
          "version": "https://registry.npm.taobao.org/lodash/download/lodash-4.17.11.tgz",
          "bundled": true
        },
        "mute-stream": {
          "version": "https://registry.npm.taobao.org/mute-stream/download/mute-stream-0.0.7.tgz",
          "bundled": true
        },
        "run-async": {
          "version": "https://registry.npm.taobao.org/run-async/download/run-async-2.3.0.tgz",
          "bundled": true
        },
        "rxjs": {
          "version": "https://registry.npm.taobao.org/rxjs/download/rxjs-6.5.2.tgz?cache=0&other_urls=https%3A%2F%2Fregistry.npm.taobao.org%2Frxjs%2Fdownload%2Frxjs-6.5.2.tgz",
          "bundled": true
        },
        "string-width": {
          "version": "https://registry.npm.taobao.org/string-width/download/string-width-2.1.1.tgz",
          "bundled": true
        },
        "strip-ansi": {
          "version": "https://registry.npm.taobao.org/strip-ansi/download/strip-ansi-5.2.0.tgz",
          "bundled": true,
          "dependencies": {
            "ansi-regex": {
              "version": "https://registry.npm.taobao.org/ansi-regex/download/ansi-regex-4.1.0.tgz",
              "bundled": true
            }
          }
        },
        "through": {
          "version": "https://registry.npm.taobao.org/through/download/through-2.3.8.tgz",
          "bundled": true
        }
      }
    },
    "metalsmith": {
      "version": "2.3.0",
      "resolved": "https://registry.npm.taobao.org/metalsmith/download/metalsmith-2.3.0.tgz",
      "requires": {
        "chalk": "^1.1.3",
        "commander": "^2.6.0",
        "rimraf": "^2.2.8"
      },
      "dependencies": {
        "absolute": {
          "version": "https://registry.npm.taobao.org/absolute/download/absolute-0.0.1.tgz",
          "bundled": true
        },
        "chalk": {
          "version": "https://registry.npm.taobao.org/chalk/download/chalk-1.1.3.tgz",
          "bundled": true
        },
        "clone": {
          "version": "https://registry.npm.taobao.org/clone/download/clone-1.0.4.tgz",
          "bundled": true
        },
        "co-fs-extra": {
          "version": "https://registry.npm.taobao.org/co-fs-extra/download/co-fs-extra-1.2.1.tgz",
          "bundled": true
        },
        "commander": {
          "version": "https://registry.npm.taobao.org/commander/download/commander-2.20.0.tgz",
          "bundled": true
        },
        "gray-matter": {
          "version": "https://registry.npm.taobao.org/gray-matter/download/gray-matter-2.1.1.tgz",
          "bundled": true,
          "dependencies": {
            "ansi-red": {
              "version": "https://registry.npm.taobao.org/ansi-red/download/ansi-red-0.1.1.tgz",
              "bundled": true,
              "dependencies": {
                "ansi-wrap": {
                  "version": "https://registry.npm.taobao.org/ansi-wrap/download/ansi-wrap-0.1.0.tgz",
                  "bundled": true
                }
              }
            },
            "coffee-script": {
              "version": "https://registry.npm.taobao.org/coffee-script/download/coffee-script-1.12.7.tgz",
              "bundled": true
            },
            "extend-shallow": {
              "version": "https://registry.npm.taobao.org/extend-shallow/download/extend-shallow-2.0.1.tgz",
              "bundled": true
            },
            "js-yaml": {
              "version": "https://registry.npm.taobao.org/js-yaml/download/js-yaml-3.13.1.tgz",
              "bundled": true
            },
            "toml": {
              "version": "https://registry.npm.taobao.org/toml/download/toml-2.3.6.tgz",
              "bundled": true
            }
          }
        },
        "has-generators": {
          "version": "https://registry.npm.taobao.org/has-generators/download/has-generators-1.0.1.tgz",
          "bundled": true
        },
        "is": {
          "version": "https://registry.npm.taobao.org/is/download/is-3.3.0.tgz",
          "bundled": true
        },
        "is-utf8": {
          "version": "https://registry.npm.taobao.org/is-utf8/download/is-utf8-0.2.1.tgz",
          "bundled": true
        },
        "recursive-readdir": {
          "version": "https://registry.npm.taobao.org/recursive-readdir/download/recursive-readdir-2.2.2.tgz?cache=0&other_urls=https%3A%2F%2Fregistry.npm.taobao.org%2Frecursive-readdir%2Fdownload%2Frecursive-readdir-2.2.2.tgz",
          "bundled": true,
          "dependencies": {
            "minimatch": {
              "version": "https://registry.npm.taobao.org/minimatch/download/minimatch-3.0.4.tgz",
              "bundled": true,
              "dependencies": {
                "brace-expansion": {
                  "version": "https://registry.npm.taobao.org/brace-expansion/download/brace-expansion-1.1.11.tgz",
                  "bundled": true
                }
              }
            }
          }
        },
        "rimraf": {
          "version": "https://registry.npm.taobao.org/rimraf/download/rimraf-2.6.3.tgz",
          "bundled": true,
          "dependencies": {
            "glob": {
              "version": "https://registry.npm.taobao.org/glob/download/glob-7.1.4.tgz",
              "bundled": true
            }
          }
        },
        "stat-mode": {
          "version": "https://registry.npm.taobao.org/stat-mode/download/stat-mode-0.2.2.tgz",
          "bundled": true
        },
        "thunkify": {
          "version": "https://registry.npm.taobao.org/thunkify/download/thunkify-2.1.2.tgz",
          "bundled": true
        },
        "unyield": {
          "version": "https://registry.npm.taobao.org/unyield/download/unyield-0.0.1.tgz",
          "bundled": true
        },
        "ware": {
          "version": "https://registry.npm.taobao.org/ware/download/ware-1.3.0.tgz",
          "bundled": true
        },
        "win-fork": {
          "version": "https://registry.npm.taobao.org/win-fork/download/win-fork-1.1.1.tgz",
          "bundled": true
        }
      }
    },
    "minimist": {
      "version": "1.2.0",
      "resolved": "https://registry.npm.taobao.org/minimist/download/minimist-1.2.0.tgz"
    },
    "ora": {
      "version": "3.4.0",
      "resolved": "https://registry.npm.taobao.org/ora/download/ora-3.4.0.tgz",
      "dependencies": {
        "chalk": {
          "version": "https://registry.npm.taobao.org/chalk/download/chalk-2.4.2.tgz",
          "bundled": true,
          "dependencies": {
            "ansi-styles": {
              "version": "https://registry.npm.taobao.org/ansi-styles/download/ansi-styles-3.2.1.tgz",
              "bundled": true,
              "dependencies": {}
            },
            "escape-string-regexp": {
              "version": "https://registry.npm.taobao.org/escape-string-regexp/download/escape-string-regexp-1.0.5.tgz",
              "bundled": true
            },
            "supports-color": {
              "version": "https://registry.npm.taobao.org/supports-color/download/supports-color-5.5.0.tgz",
              "bundled": true
            }
          }
        },
        "cli-cursor": {
          "version": "https://registry.npm.taobao.org/cli-cursor/download/cli-cursor-2.1.0.tgz",
          "bundled": true,
          "dependencies": {
            "restore-cursor": {
              "version": "https://registry.npm.taobao.org/restore-cursor/download/restore-cursor-2.0.0.tgz",
              "bundled": true
            }
          }
        },
        "cli-spinners": {
          "version": "https://registry.npm.taobao.org/cli-spinners/download/cli-spinners-2.1.0.tgz",
          "bundled": true
        },
        "log-symbols": {
          "version": "https://registry.npm.taobao.org/log-symbols/download/log-symbols-2.2.0.tgz",
          "bundled": true
        },
        "strip-ansi": {
          "version": "https://registry.npm.taobao.org/strip-ansi/download/strip-ansi-5.2.0.tgz",
          "bundled": true
        },
        "wcwidth": {
          "version": "https://registry.npm.taobao.org/wcwidth/download/wcwidth-1.0.1.tgz",
          "bundled": true
        }
      }
    },
    "rimraf": {
      "version": "2.6.3",
      "resolved": "https://registry.npm.taobao.org/rimraf/download/rimraf-2.6.3.tgz",
      "dependencies": {
        "glob": {
          "version": "https://registry.npm.taobao.org/glob/download/glob-7.1.4.tgz",
          "bundled": true
        }
      }
    },
    "semver": {
      "version": "6.1.1",
      "resolved": "https://registry.npm.taobao.org/semver/download/semver-6.1.1.tgz?cache=0&sync_timestamp=1559063729249&other_urls=https%3A%2F%2Fregistry.npm.taobao.org%2Fsemver%2Fdownload%2Fsemver-6.1.1.tgz"
    },
    "user-home": {
      "version": "2.0.0",
      "resolved": "https://registry.npm.taobao.org/user-home/download/user-home-2.0.0.tgz",
      "dependencies": {
        "os-homedir": {
          "version": "https://registry.npm.taobao.org/os-homedir/download/os-homedir-1.0.2.tgz",
          "bundled": true
        }
      }
    }
  }
}
